{
  "lockfileVersion": 1,
  "workspaces": {
    "": {
      "dependencies": {
        "commander": "^14.0.0",
        "jempl": "^0.2.0-rc1",
        "js-yaml": "^4.1.0",
        "markdown-it": "^14.1.0",
        "yahtml": "^0.0.2-rc1",
      },
      "devDependencies": {
        "memfs": "^4.36.0",
        "puty": "^0.0.4",
      },
    },
  },
  "packages": {
    "@jsonjoy.com/base64": ["@jsonjoy.com/base64@1.1.2", "", { "peerDependencies": { "tslib": "2" } }, "sha512-q6XAnWQDIMA3+FTiOYajoYqySkO+JSat0ytXGSuRdq9uXE7o92gzuQwQM14xaCRlBLGq3v5miDGC4vkVTn54xA=="],

    "@jsonjoy.com/buffers": ["@jsonjoy.com/buffers@1.0.0", "", { "peerDependencies": { "tslib": "2" } }, "sha512-NDigYR3PHqCnQLXYyoLbnEdzMMvzeiCWo1KOut7Q0CoIqg9tUAPKJ1iq/2nFhc5kZtexzutNY0LFjdwWL3Dw3Q=="],

    "@jsonjoy.com/codegen": ["@jsonjoy.com/codegen@1.0.0", "", { "peerDependencies": { "tslib": "2" } }, "sha512-E8Oy+08cmCf0EK/NMxpaJZmOxPqM+6iSe2S4nlSBrPZOORoDJILxtbSUEDKQyTamm/BVAhIGllOBNU79/dwf0g=="],

    "@jsonjoy.com/json-pack": ["@jsonjoy.com/json-pack@1.10.0", "", { "dependencies": { "@jsonjoy.com/base64": "^1.1.2", "@jsonjoy.com/buffers": "^1.0.0", "@jsonjoy.com/codegen": "^1.0.0", "@jsonjoy.com/json-pointer": "^1.0.1", "@jsonjoy.com/util": "^1.9.0", "hyperdyperid": "^1.2.0", "thingies": "^2.5.0" }, "peerDependencies": { "tslib": "2" } }, "sha512-PMOU9Sh0baiLZEDewwR/YAHJBV2D8pPIzcFQSU7HQl/k/HNCDyVfO1OvkyDwBGp4dPtvZc7Hl9FFYWwTP1CbZw=="],

    "@jsonjoy.com/json-pointer": ["@jsonjoy.com/json-pointer@1.0.1", "", { "dependencies": { "@jsonjoy.com/util": "^1.3.0" }, "peerDependencies": { "tslib": "2" } }, "sha512-tJpwQfuBuxqZlyoJOSZcqf7OUmiYQ6MiPNmOv4KbZdXE/DdvBSSAwhos0zIlJU/AXxC8XpuO8p08bh2fIl+RKA=="],

    "@jsonjoy.com/util": ["@jsonjoy.com/util@1.9.0", "", { "dependencies": { "@jsonjoy.com/buffers": "^1.0.0", "@jsonjoy.com/codegen": "^1.0.0" }, "peerDependencies": { "tslib": "2" } }, "sha512-pLuQo+VPRnN8hfPqUTLTHk126wuYdXVxE6aDmjSeV4NCAgyxWbiOIeNJVtID3h1Vzpoi9m4jXezf73I6LgabgQ=="],

    "argparse": ["argparse@2.0.1", "", {}, "sha512-8+9WqebbFzpX9OR+Wa6O29asIogeRMzcGtAINdpMHHyAg10f05aSFVBbcEqGf/PXw1EjAZ+q2/bEBg3DvurK3Q=="],

    "commander": ["commander@14.0.0", "", {}, "sha512-2uM9rYjPvyq39NwLRqaiLtWHyDC1FvryJDa2ATTVims5YAS4PupsEQsDvP14FqhFr0P49CYDugi59xaxJlTXRA=="],

    "entities": ["entities@4.5.0", "", {}, "sha512-V0hjH4dGPh9Ao5p0MoRY6BVqtwCjhz6vI5LT8AJ55H+4g9/4vbHx1I54fS0XuclLhDHArPQCiMjDxjaL8fPxhw=="],

    "hyperdyperid": ["hyperdyperid@1.2.0", "", {}, "sha512-Y93lCzHYgGWdrJ66yIktxiaGULYc6oGiABxhcO5AufBeOyoIdZF7bIfLaOrbM0iGIOXQQgxxRrFEnb+Y6w1n4A=="],

    "jempl": ["jempl@0.2.0-rc1", "", {}, "sha512-CdZTTQUQ96PKJ3nUSnf8cSy6hL7wlLXQSdnNBfTVcGqKqOjs5WYQl/qWLf1wPJmnmIuJJ9UHs1v017ACCckXkw=="],

    "js-yaml": ["js-yaml@4.1.0", "", { "dependencies": { "argparse": "^2.0.1" }, "bin": { "js-yaml": "bin/js-yaml.js" } }, "sha512-wpxZs9NoxZaJESJGIZTyDEaYpl0FKSA+FB9aJiyemKhMwkxQg63h4T1KJgUGHpTqPDNRcmmYLugrRjJlBtWvRA=="],

    "linkify-it": ["linkify-it@5.0.0", "", { "dependencies": { "uc.micro": "^2.0.0" } }, "sha512-5aHCbzQRADcdP+ATqnDuhhJ/MRIqDkZX5pyjFHRRysS8vZ5AbqGEoFIb6pYHPZ+L/OC2Lc+xT8uHVVR5CAK/wQ=="],

    "markdown-it": ["markdown-it@14.1.0", "", { "dependencies": { "argparse": "^2.0.1", "entities": "^4.4.0", "linkify-it": "^5.0.0", "mdurl": "^2.0.0", "punycode.js": "^2.3.1", "uc.micro": "^2.1.0" }, "bin": { "markdown-it": "bin/markdown-it.mjs" } }, "sha512-a54IwgWPaeBCAAsv13YgmALOF1elABB08FxO9i+r4VFk5Vl4pKokRPeX8u5TCgSsPi6ec1otfLjdOpVcgbpshg=="],

    "mdurl": ["mdurl@2.0.0", "", {}, "sha512-Lf+9+2r+Tdp5wXDXC4PcIBjTDtq4UKjCPMQhKIuzpJNW0b96kVqSwW0bT7FhRSfmAiFYgP+SCRvdrDozfh0U5w=="],

    "memfs": ["memfs@4.36.0", "", { "dependencies": { "@jsonjoy.com/json-pack": "^1.0.3", "@jsonjoy.com/util": "^1.3.0", "tree-dump": "^1.0.1", "tslib": "^2.0.0" } }, "sha512-mfBfzGUdoEw5AZwG8E965ej3BbvW2F9LxEWj4uLxF6BEh1dO2N9eS3AGu9S6vfenuQYrVjsbUOOZK7y3vz4vyQ=="],

    "punycode.js": ["punycode.js@2.3.1", "", {}, "sha512-uxFIHU0YlHYhDQtV4R9J6a52SLx28BCjT+4ieh7IGbgwVJWO+km431c4yRlREUAsAmt/uMjQUyQHNEPf0M39CA=="],

    "puty": ["puty@0.0.4", "", { "dependencies": { "js-yaml": "~4.1.0" } }, "sha512-1CXxgpG97hR/NXhMk0urgi8cZgYo9UeQSCTch9XCF6muZaM5LoffCkKJ9/5Y8duVHfJFSidYUFkWu9fQewi1Pw=="],

    "thingies": ["thingies@2.5.0", "", { "peerDependencies": { "tslib": "^2" } }, "sha512-s+2Bwztg6PhWUD7XMfeYm5qliDdSiZm7M7n8KjTkIsm3l/2lgVRc2/Gx/v+ZX8lT4FMA+i8aQvhcWylldc+ZNw=="],

    "tree-dump": ["tree-dump@1.0.3", "", { "peerDependencies": { "tslib": "2" } }, "sha512-il+Cv80yVHFBwokQSfd4bldvr1Md951DpgAGfmhydt04L+YzHgubm2tQ7zueWDcGENKHq0ZvGFR/hjvNXilHEg=="],

    "tslib": ["tslib@2.8.1", "", {}, "sha512-oJFu94HQb+KVduSUQL7wnpmqnfmLsOA/nAh6b6EH0wCEoK0/mPeXU6c3wKDV83MkOuHPRHtSXKKU99IBazS/2w=="],

    "uc.micro": ["uc.micro@2.1.0", "", {}, "sha512-ARDJmphmdvUk6Glw7y9DQ2bFkKBHwQHLi2lsaH6PPmz/Ka9sFOBsBluozhDltWmnv9u/cF6Rt87znRTPV+yp/A=="],

    "yahtml": ["yahtml@0.0.2-rc1", "", {}, "sha512-ZPiWcCV7AupBUAK+vNXfajwQyDR+/Agj3eNjhMgTqWReGlrVbGYLsM/0zFYm0mmqQHQwgMDfmAjR9RANrbLt2w=="],
  }
}
